// !$*UTF8*$!
{
	archiveVersion = 1;
	classes = {
	};
	objectVersion = 46;
	objects = {

/* Begin PBXBuildFile section */
		2B8604131BB24A47006F7478 /* main.m in Sources */ = {isa = PBXBuildFile; fileRef = 2B8604121BB24A47006F7478 /* main.m */; };
		2B8604161BB24A47006F7478 /* AppDelegate.m in Sources */ = {isa = PBXBuildFile; fileRef = 2B8604151BB24A47006F7478 /* AppDelegate.m */; };
		2B8604191BB24A47006F7478 /* ViewController.m in Sources */ = {isa = PBXBuildFile; fileRef = 2B8604181BB24A47006F7478 /* ViewController.m */; };
		2B86041C1BB24A47006F7478 /* Main.storyboard in Resources */ = {isa = PBXBuildFile; fileRef = 2B86041A1BB24A47006F7478 /* Main.storyboard */; };
		2B86041E1BB24A47006F7478 /* Images.xcassets in Resources */ = {isa = PBXBuildFile; fileRef = 2B86041D1BB24A47006F7478 /* Images.xcassets */; };
		2B8604211BB24A47006F7478 /* LaunchScreen.xib in Resources */ = {isa = PBXBuildFile; fileRef = 2B86041F1BB24A47006F7478 /* LaunchScreen.xib */; };
		2B86042D1BB24A47006F7478 /* ____demoTests.m in Sources */ = {isa = PBXBuildFile; fileRef = 2B86042C1BB24A47006F7478 /* ____demoTests.m */; };
/* End PBXBuildFile section */

/* Begin PBXContainerItemProxy section */
		2B8604271BB24A47006F7478 /* PBXContainerItemProxy */ = {
			isa = PBXContainerItemProxy;
			containerPortal = 2B8604051BB24A47006F7478 /* Project object */;
			proxyType = 1;
			remoteGlobalIDString = 2B86040C1BB24A47006F7478;
			remoteInfo = "百度地图demo";
		};
/* End PBXContainerItemProxy section */

/* Begin PBXFileReference section */
		2B86040D1BB24A47006F7478 /* 百度地图demo.app */ = {isa = PBXFileReference; explicitFileType = wrapper.application; includeInIndex = 0; path = "百度地图demo.app"; sourceTree = BUILT_PRODUCTS_DIR; };
		2B8604111BB24A47006F7478 /* Info.plist */ = {isa = PBXFileReference; lastKnownFileType = text.plist.xml; path = Info.plist; sourceTree = "<group>"; };
		2B8604121BB24A47006F7478 /* main.m */ = {isa = PBXFileReference; lastKnownFileType = sourcecode.c.objc; path = main.m; sourceTree = "<group>"; };
		2B8604141BB24A47006F7478 /* AppDelegate.h */ = {isa = PBXFileReference; lastKnownFileType = sourcecode.c.h; path = AppDelegate.h; sourceTree = "<group>"; };
		2B8604151BB24A47006F7478 /* AppDelegate.m */ = {isa = PBXFileReference; lastKnownFileType = sourcecode.c.objc; path = AppDelegate.m; sourceTree = "<group>"; };
		2B8604171BB24A47006F7478 /* ViewController.h */ = {isa = PBXFileReference; lastKnownFileType = sourcecode.c.h; path = ViewController.h; sourceTree = "<group>"; };
		2B8604181BB24A47006F7478 /* ViewController.m */ = {isa = PBXFileReference; lastKnownFileType = sourcecode.c.objc; path = ViewController.m; sourceTree = "<group>"; };
		2B86041B1BB24A47006F7478 /* Base */ = {isa = PBXFileReference; lastKnownFileType = file.storyboard; name = Base; path = Base.lproj/Main.storyboard; sourceTree = "<group>"; };
		2B86041D1BB24A47006F7478 /* Images.xcassets */ = {isa = PBXFileReference; lastKnownFileType = folder.assetcatalog; path = Images.xcassets; sourceTree = "<group>"; };
		2B8604201BB24A47006F7478 /* Base */ = {isa = PBXFileReference; lastKnownFileType = file.xib; name = Base; path = Base.lproj/LaunchScreen.xib; sourceTree = "<group>"; };
		2B8604261BB24A47006F7478 /* 百度地图demoTests.xctest */ = {isa = PBXFileReference; explicitFileType = wrapper.cfbundle; includeInIndex = 0; path = "百度地图demoTests.xctest"; sourceTree = BUILT_PRODUCTS_DIR; };
		2B86042B1BB24A47006F7478 /* Info.plist */ = {isa = PBXFileReference; lastKnownFileType = text.plist.xml; path = Info.plist; sourceTree = "<group>"; };
		2B86042C1BB24A47006F7478 /* ____demoTests.m */ = {isa = PBXFileReference; lastKnownFileType = sourcecode.c.objc; path = "____demoTests.m"; sourceTree = "<group>"; };
/* End PBXFileReference section */

/* Begin PBXFrameworksBuildPhase section */
		2B86040A1BB24A47006F7478 /* Frameworks */ = {
			isa = PBXFrameworksBuildPhase;
			buildActionMask = 2147483647;
			files = (
			);
			runOnlyForDeploymentPostprocessing = 0;
		};
		2B8604231BB24A47006F7478 /* Frameworks */ = {
			isa = PBXFrameworksBuildPhase;
			buildActionMask = 2147483647;
			files = (
			);
			runOnlyForDeploymentPostprocessing = 0;
		};
/* End PBXFrameworksBuildPhase section */

/* Begin PBXGroup section */
		2B8604041BB24A47006F7478 = {
			isa = PBXGroup;
			children = (
				2B86040F1BB24A47006F7478 /* 百度地图demo */,
				2B8604291BB24A47006F7478 /* 百度地图demoTests */,
				2B86040E1BB24A47006F7478 /* Products */,
			);
			sourceTree = "<group>";
		};
		2B86040E1BB24A47006F7478 /* Products */ = {
			isa = PBXGroup;
			children = (
				2B86040D1BB24A47006F7478 /* 百度地图demo.app */,
				2B8604261BB24A47006F7478 /* 百度地图demoTests.xctest */,
			);
			name = Products;
			sourceTree = "<group>";
		};
		2B86040F1BB24A47006F7478 /* 百度地图demo */ = {
			isa = PBXGroup;
			children = (
				2B8604141BB24A47006F7478 /* AppDelegate.h */,
				2B8604151BB24A47006F7478 /* AppDelegate.m */,
				2B8604171BB24A47006F7478 /* ViewController.h */,
				2B8604181BB24A47006F7478 /* ViewController.m */,
				2B86041A1BB24A47006F7478 /* Main.storyboard */,
				2B86041D1BB24A47006F7478 /* Images.xcassets */,
				2B86041F1BB24A47006F7478 /* LaunchScreen.xib */,
				2B8604101BB24A47006F7478 /* Supporting Files */,
			);
			path = "百度地图demo";
			sourceTree = "<group>";
		};
		2B8604101BB24A47006F7478 /* Supporting Files */ = {
			isa = PBXGroup;
			children = (
				2B8604111BB24A47006F7478 /* Info.plist */,
				2B8604121BB24A47006F7478 /* main.m */,
			);
			name = "Supporting Files";
			sourceTree = "<group>";
		};
		2B8604291BB24A47006F7478 /* 百度地图demoTests */ = {
			isa = PBXGroup;
			children = (
				2B86042C1BB24A47006F7478 /* ____demoTests.m */,
				2B86042A1BB24A47006F7478 /* Supporting Files */,
			);
			path = "百度地图demoTests";
			sourceTree = "<group>";
		};
		2B86042A1BB24A47006F7478 /* Supporting Files */ = {
			isa = PBXGroup;
			children = (
				2B86042B1BB24A47006F7478 /* Info.plist */,
			);
			name = "Supporting Files";
			sourceTree = "<group>";
		};
/* End PBXGroup section */

/* Begin PBXNativeTarget section */
		2B86040C1BB24A47006F7478 /* 百度地图demo */ = {
			isa = PBXNativeTarget;
			buildConfigurationList = 2B8604301BB24A47006F7478 /* Build configuration list for PBXNativeTarget "百度地图demo" */;
			buildPhases = (
				2B8604091BB24A47006F7478 /* Sources */,
				2B86040A1BB24A47006F7478 /* Frameworks */,
				2B86040B1BB24A47006F7478 /* Resources */,
			);
			buildRules = (
			);
			dependencies = (
			);
			name = "百度地图demo";
			productName = "百度地图demo";
			productReference = 2B86040D1BB24A47006F7478 /* 百度地图demo.app */;
			productType = "com.apple.product-type.application";
		};
		2B8604251BB24A47006F7478 /* 百度地图demoTests */ = {
			isa = PBXNativeTarget;
			buildConfigurationList = 2B8604331BB24A47006F7478 /* Build configuration list for PBXNativeTarget "百度地图demoTests" */;
			buildPhases = (
				2B8604221BB24A47006F7478 /* Sources */,
				2B8604231BB24A47006F7478 /* Frameworks */,
				2B8604241BB24A47006F7478 /* Resources */,
			);
			buildRules = (
			);
			dependencies = (
				2B8604281BB24A47006F7478 /* PBXTargetDependency */,
			);
			name = "百度地图demoTests";
			productName = "百度地图demoTests";
			productReference = 2B8604261BB24A47006F7478 /* 百度地图demoTests.xctest */;
			productType = "com.apple.product-type.bundle.unit-test";
		};
/* End PBXNativeTarget section */

/* Begin PBXProject section */
		2B8604051BB24A47006F7478 /* Project object */ = {
			isa = PBXProject;
			attributes = {
				LastUpgradeCheck = 0640;
				ORGANIZATIONNAME = zx_05;
				TargetAttributes = {
					2B86040C1BB24A47006F7478 = {
						CreatedOnToolsVersion = 6.4;
					};
					2B8604251BB24A47006F7478 = {
						CreatedOnToolsVersion = 6.4;
						TestTargetID = 2B86040C1BB24A47006F7478;
					};
				};
			};
			buildConfigurationList = 2B8604081BB24A47006F7478 /* Build configuration list for PBXProject "百度地图demo" */;
			compatibilityVersion = "Xcode 3.2";
			developmentRegion = English;
			hasScannedForEncodings = 0;
			knownRegions = (
				en,
				Base,
			);
			mainGroup = 2B8604041BB24A47006F7478;
			productRefGroup = 2B86040E1BB24A47006F7478 /* Products */;
			projectDirPath = "";
			projectRoot = "";
			targets = (
				2B86040C1BB24A47006F7478 /* 百度地图demo */,
				2B8604251BB24A47006F7478 /* 百度地图demoTests */,
			);
		};
/* End PBXProject section */

/* Begin PBXResourcesBuildPhase section */
		2B86040B1BB24A47006F7478 /* Resources */ = {
			isa = PBXResourcesBuildPhase;
			buildActionMask = 2147483647;
			files = (
				2B86041C1BB24A47006F7478 /* Main.storyboard in Resources */,
				2B8604211BB24A47006F7478 /* LaunchScreen.xib in Resources */,
				2B86041E1BB24A47006F7478 /* Images.xcassets in Resources */,
			);
			runOnlyForDeploymentPostprocessing = 0;
		};
		2B8604241BB24A47006F7478 /* Resources */ = {
			isa = PBXResourcesBuildPhase;
			buildActionMask = 2147483647;
			files = (
			);
			runOnlyForDeploymentPostprocessing = 0;
		};
/* End PBXResourcesBuildPhase section */

/* Begin PBXSourcesBuildPhase section */
		2B8604091BB24A47006F7478 /* Sources */ = {
			isa = PBXSourcesBuildPhase;
			buildActionMask = 2147483647;
			files = (
				2B8604191BB24A47006F7478 /* ViewController.m in Sources */,
				2B8604161BB24A47006F7478 /* AppDelegate.m in Sources */,
				2B8604131BB24A47006F7478 /* main.m in Sources */,
			);
			runOnlyForDeploymentPostprocessing = 0;
		};
		2B8604221BB24A47006F7478 /* Sources */ = {
			isa = PBXSourcesBuildPhase;
			buildActionMask = 2147483647;
			files = (
				2B86042D1BB24A47006F7478 /* ____demoTests.m in Sources */,
			);
			runOnlyForDeploymentPostprocessing = 0;
		};
/* End PBXSourcesBuildPhase section */

/* Begin PBXTargetDependency section */
		2B8604281BB24A47006F7478 /* PBXTargetDependency */ = {
			isa = PBXTargetDependency;
			target = 2B86040C1BB24A47006F7478 /* 百度地图demo */;
			targetProxy = 2B8604271BB24A47006F7478 /* PBXContainerItemProxy */;
		};
/* End PBXTargetDependency section */

/* Begin PBXVariantGroup section */
		2B86041A1BB24A47006F7478 /* Main.storyboard */ = {
			isa = PBXVariantGroup;
			children = (
				2B86041B1BB24A47006F7478 /* Base */,
			);
			name = Main.storyboard;
			sourceTree = "<group>";
		};
		2B86041F1BB24A47006F7478 /* LaunchScreen.xib */ = {
			isa = PBXVariantGroup;
			children = (
				2B8604201BB24A47006F7478 /* Base */,
			);
			name = LaunchScreen.xib;
			sourceTree = "<group>";
		};
/* End PBXVariantGroup section */

/* Begin XCBuildConfiguration section */
		2B86042E1BB24A47006F7478 /* Debug */ = {
			isa = XCBuildConfiguration;
			buildSettings = {
				ALWAYS_SEARCH_USER_PATHS = NO;
				CLANG_CXX_LANGUAGE_STANDARD = "gnu++0x";
				CLANG_CXX_LIBRARY = "libc++";
				CLANG_ENABLE_MODULES = YES;
				CLANG_ENABLE_OBJC_ARC = YES;
				CLANG_WARN_BOOL_CONVERSION = YES;
				CLANG_WARN_CONSTANT_CONVERSION = YES;
				CLANG_WARN_DIRECT_OBJC_ISA_USAGE = YES_ERROR;
				CLANG_WARN_EMPTY_BODY = YES;
				CLANG_WARN_ENUM_CONVERSION = YES;
				CLANG_WARN_INT_CONVERSION = YES;
				CLANG_WARN_OBJC_ROOT_CLASS = YES_ERROR;
				CLANG_WARN_UNREACHABLE_CODE = YES;
				CLANG_WARN__DUPLICATE_METHOD_MATCH = YES;
				"CODE_SIGN_IDENTITY[sdk=iphoneos*]" = "iPhone Developer";
				COPY_PHASE_STRIP = NO;
				DEBUG_INFORMATION_FORMAT = "dwarf-with-dsym";
				ENABLE_STRICT_OBJC_MSGSEND = YES;
				GCC_C_LANGUAGE_STANDARD = gnu99;
				GCC_DYNAMIC_NO_PIC = NO;
				GCC_NO_COMMON_BLOCKS = YES;
				GCC_OPTIMIZATION_LEVEL = 0;
				GCC_PREPROCESSOR_DEFINITIONS = (
					"DEBUG=1",
					"$(inherited)",
				);
				GCC_SYMBOLS_PRIVATE_EXTERN = NO;
				GCC_WARN_64_TO_32_BIT_CONVERSION = YES;
				GCC_WARN_ABOUT_RETURN_TYPE = YES_ERROR;
				GCC_WARN_UNDECLARED_SELECTOR = YES;
				GCC_WARN_UNINITIALIZED_AUTOS = YES_AGGRESSIVE;
				GCC_WARN_UNUSED_FUNCTION = YES;
				GCC_WARN_UNUSED_VARIABLE = YES;
				IPHONEOS_DEPLOYMENT_TARGET = 8.4;
				MTL_ENABLE_DEBUG_INFO = YES;
				ONLY_ACTIVE_ARCH = YES;
				SDKROOT = iphoneos;
			};
			name = Debug;
		};
		2B86042F1BB24A47006F7478 /* Release */ = {
			isa = XCBuildConfiguration;
			buildSettings = {
				ALWAYS_SEARCH_USER_PATHS = NO;
				CLANG_CXX_LANGUAGE_STANDARD = "gnu++0x";
				CLANG_CXX_LIBRARY = "libc++";
				CLANG_ENABLE_MODULES = YES;
				CLANG_ENABLE_OBJC_ARC = YES;
				CLANG_WARN_BOOL_CONVERSION = YES;
				CLANG_WARN_CONSTANT_CONVERSION = YES;
				CLANG_WARN_DIRECT_OBJC_ISA_USAGE = YES_ERROR;
				CLANG_WARN_EMPTY_BODY = YES;
				CLANG_WARN_ENUM_CONVERSION = YES;
				CLANG_WARN_INT_CONVERSION = YES;
				CLANG_WARN_OBJC_ROOT_CLASS = YES_ERROR;
				CLANG_WARN_UNREACHABLE_CODE = YES;
				CLANG_WARN__DUPLICATE_METHOD_MATCH = YES;
				"CODE_SIGN_IDENTITY[sdk=iphoneos*]" = "iPhone Developer";
				COPY_PHASE_STRIP = NO;
				DEBUG_INFORMATION_FORMAT = "dwarf-with-dsym";
				ENABLE_NS_ASSERTIONS = NO;
				ENABLE_STRICT_OBJC_MSGSEND = YES;
				GCC_C_LANGUAGE_STANDARD = gnu99;
				GCC_NO_COMMON_BLOCKS = YES;
				GCC_WARN_64_TO_32_BIT_CONVERSION = YES;
				GCC_WARN_ABOUT_RETURN_TYPE = YES_ERROR;
				GCC_WARN_UNDECLARED_SELECTOR = YES;
				GCC_WARN_UNINITIALIZED_AUTOS = YES_AGGRESSIVE;
				GCC_WARN_UNUSED_FUNCTION = YES;
				GCC_WARN_UNUSED_VARIABLE = YES;
				IPHONEOS_DEPLOYMENT_TARGET = 8.4;
				MTL_ENABLE_DEBUG_INFO = NO;
				SDKROOT = iphoneos;
				VALIDATE_PRODUCT = YES;
			};
			name = Release;
		};
		2B8604311BB24A47006F7478 /* Debug */ = {
			isa = XCBuildConfiguration;
			buildSettings = {
				ASSETCATALOG_COMPILER_APPICON_NAME = AppIcon;
				INFOPLIST_FILE = "百度地图demo/Info.plist";
				LD_RUNPATH_SEARCH_PATHS = "$(inherited) @executable_path/Frameworks";
				PRODUCT_NAME = "$(TARGET_NAME)";
			};
			name = Debug;
		};
		2B8604321BB24A47006F7478 /* Release */ = {
			isa = XCBuildConfiguration;
			buildSettings = {
				ASSETCATALOG_COMPILER_APPICON_NAME = AppIcon;
				INFOPLIST_FILE = "百度地图demo/Info.plist";
				LD_RUNPATH_SEARCH_PATHS = "$(inherited) @executable_path/Frameworks";
				PRODUCT_NAME = "$(TARGET_NAME)";
			};
			name = Release;
		};
		2B8604341BB24A47006F7478 /* Debug */ = {
			isa = XCBuildConfiguration;
			buildSettings = {
				BUNDLE_LOADER = "$(TEST_HOST)";
				FRAMEWORK_SEARCH_PATHS = (
					"$(SDKROOT)/Developer/Library/Frameworks",
					"$(inherited)",
				);
				GCC_PREPROCESSOR_DEFINITIONS = (
					"DEBUG=1",
					"$(inherited)",
				);
				INFOPLIST_FILE = "百度地图demoTests/Info.plist";
				LD_RUNPATH_SEARCH_PATHS = "$(inherited) @executable_path/Frameworks @loader_path/Frameworks";
				PRODUCT_NAME = "$(TARGET_NAME)";
				TEST_HOST = "$(BUILT_PRODUCTS_DIR)/百度地图demo.app/百度地图demo";
			};
			name = Debug;
		};
		2B8604351BB24A47006F7478 /* Release */ = {
			isa = XCBuildConfiguration;
			buildSettings = {
				BUNDLE_LOADER = "$(TEST_HOST)";
				FRAMEWORK_SEARCH_PATHS = (
					"$(SDKROOT)/Developer/Library/Frameworks",
					"$(inherited)",
				);
				INFOPLIST_FILE = "百度地图demoTests/Info.plist";
				LD_RUNPATH_SEARCH_PATHS = "$(inherited) @executable_path/Frameworks @loader_path/Frameworks";
				PRODUCT_NAME = "$(TARGET_NAME)";
				TEST_HOST = "$(BUILT_PRODUCTS_DIR)/百度地图demo.app/百度地图demo";
			};
			name = Release;
		};
/* End XCBuildConfiguration section */

/* Begin XCConfigurationList section */
		2B8604081BB24A47006F7478 /* Build configuration list for PBXProject "百度地图demo" */ = {
			isa = XCConfigurationList;
			buildConfigurations = (
				2B86042E1BB24A47006F7478 /* Debug */,
				2B86042F1BB24A47006F7478 /* Release */,
			);
			defaultConfigurationIsVisible = 0;
			defaultConfigurationName = Release;
		};
		2B8604301BB24A47006F7478 /* Build configuration list for PBXNativeTarget "百度地图demo" */ = {
			isa = XCConfigurationList;
			buildConfigurations = (
				2B8604311BB24A47006F7478 /* Debug */,
				2B8604321BB24A47006F7478 /* Release */,
			);
			defaultConfigurationIsVisible = 0;
		};
		2B8604331BB24A47006F7478 /* Build configuration list for PBXNativeTarget "百度地图demoTests" */ = {
			isa = XCConfigurationList;
			buildConfigurations = (
				2B8604341BB24A47006F7478 /* Debug */,
				2B8604351BB24A47006F7478 /* Release */,
			);
			defaultConfigurationIsVisible = 0;
		};
/* End XCConfigurationList section */
	};
	rootObject = 2B8604051BB24A47006F7478 /* Project object */;
}
